
Microsoft Visual Studio Solution File, Format Version 12.00
# Visual Studio Version 17
VisualStudioVersion = 17.0.31903.59
MinimumVisualStudioVersion = 10.0.40219.1
Project("{2150E333-8FDC-42A3-9474-1A3956D46DE8}") = "src", "src", "{2E1551AE-6230-482A-9D50-F51E9121F897}"
EndProject
Project("{FAE04EC0-301F-11D3-BF4B-00C04F79EFBC}") = "Histolinea.Api", "src\Histolinea.Api\Histolinea.Api.csproj", "{31DDAE4E-216F-4692-8003-B480C36B0A47}"
EndProject
Project("{FAE04EC0-301F-11D3-BF4B-00C04F79EFBC}") = "Histolinea.Domain", "src\Histolinea.Domain\Histolinea.Domain.csproj", "{C284B053-498C-43EF-90BD-97C3EE376E9B}"
EndProject
Project("{FAE04EC0-301F-11D3-BF4B-00C04F79EFBC}") = "Histolinea.Application", "src\Histolinea.Application\Histolinea.Application.csproj", "{5B301E4F-22F8-47DA-9A59-018CF67236DC}"
EndProject
Project("{FAE04EC0-301F-11D3-BF4B-00C04F79EFBC}") = "Histolinea.Infrastructure", "src\Histolinea.Infrastructure\Histolinea.Infrastructure.csproj", "{C4F039DC-422B-4187-A91A-1DE1FBA0D870}"
EndProject
Global
	GlobalSection(SolutionConfigurationPlatforms) = preSolution
		Debug|Any CPU = Debug|Any CPU
		Release|Any CPU = Release|Any CPU
	EndGlobalSection
	GlobalSection(SolutionProperties) = preSolution
		HideSolutionNode = FALSE
	EndGlobalSection
	GlobalSection(ProjectConfigurationPlatforms) = postSolution
		{31DDAE4E-216F-4692-8003-B480C36B0A47}.Debug|Any CPU.ActiveCfg = Debug|Any CPU
		{31DDAE4E-216F-4692-8003-B480C36B0A47}.Debug|Any CPU.Build.0 = Debug|Any CPU
		{31DDAE4E-216F-4692-8003-B480C36B0A47}.Release|Any CPU.ActiveCfg = Release|Any CPU
		{31DDAE4E-216F-4692-8003-B480C36B0A47}.Release|Any CPU.Build.0 = Release|Any CPU
		{C284B053-498C-43EF-90BD-97C3EE376E9B}.Debug|Any CPU.ActiveCfg = Debug|Any CPU
		{C284B053-498C-43EF-90BD-97C3EE376E9B}.Debug|Any CPU.Build.0 = Debug|Any CPU
		{C284B053-498C-43EF-90BD-97C3EE376E9B}.Release|Any CPU.ActiveCfg = Release|Any CPU
		{C284B053-498C-43EF-90BD-97C3EE376E9B}.Release|Any CPU.Build.0 = Release|Any CPU
		{5B301E4F-22F8-47DA-9A59-018CF67236DC}.Debug|Any CPU.ActiveCfg = Debug|Any CPU
		{5B301E4F-22F8-47DA-9A59-018CF67236DC}.Debug|Any CPU.Build.0 = Debug|Any CPU
		{5B301E4F-22F8-47DA-9A59-018CF67236DC}.Release|Any CPU.ActiveCfg = Release|Any CPU
		{5B301E4F-22F8-47DA-9A59-018CF67236DC}.Release|Any CPU.Build.0 = Release|Any CPU
		{C4F039DC-422B-4187-A91A-1DE1FBA0D870}.Debug|Any CPU.ActiveCfg = Debug|Any CPU
		{C4F039DC-422B-4187-A91A-1DE1FBA0D870}.Debug|Any CPU.Build.0 = Debug|Any CPU
		{C4F039DC-422B-4187-A91A-1DE1FBA0D870}.Release|Any CPU.ActiveCfg = Release|Any CPU
		{C4F039DC-422B-4187-A91A-1DE1FBA0D870}.Release|Any CPU.Build.0 = Release|Any CPU
	EndGlobalSection
	GlobalSection(NestedProjects) = preSolution
		{31DDAE4E-216F-4692-8003-B480C36B0A47} = {2E1551AE-6230-482A-9D50-F51E9121F897}
		{C284B053-498C-43EF-90BD-97C3EE376E9B} = {2E1551AE-6230-482A-9D50-F51E9121F897}
		{5B301E4F-22F8-47DA-9A59-018CF67236DC} = {2E1551AE-6230-482A-9D50-F51E9121F897}
		{C4F039DC-422B-4187-A91A-1DE1FBA0D870} = {2E1551AE-6230-482A-9D50-F51E9121F897}
	EndGlobalSection
EndGlobal
